// !$*UTF8*$!
{
	archiveVersion = 1;
	classes = {
	};
	objectVersion = 55;
	objects = {

/* Begin PBXBuildFile section */
		1086B0942835953D00843F0C /* Tests_iOS.swift in Sources */ = {isa = PBXBuildFile; fileRef = 1086B0932835953D00843F0C /* Tests_iOS.swift */; };
		1086B0962835953D00843F0C /* Tests_iOSLaunchTests.swift in Sources */ = {isa = PBXBuildFile; fileRef = 1086B0952835953D00843F0C /* Tests_iOSLaunchTests.swift */; };
		1086B0A02835953D00843F0C /* Tests_macOS.swift in Sources */ = {isa = PBXBuildFile; fileRef = 1086B09F2835953D00843F0C /* Tests_macOS.swift */; };
		1086B0A22835953D00843F0C /* Tests_macOSLaunchTests.swift in Sources */ = {isa = PBXBuildFile; fileRef = 1086B0A12835953D00843F0C /* Tests_macOSLaunchTests.swift */; };
		1086B0A32835953D00843F0C /* BorsTestAppApp.swift in Sources */ = {isa = PBXBuildFile; fileRef = 1086B07B2835953C00843F0C /* BorsTestAppApp.swift */; };
		1086B0A42835953D00843F0C /* BorsTestAppApp.swift in Sources */ = {isa = PBXBuildFile; fileRef = 1086B07B2835953C00843F0C /* BorsTestAppApp.swift */; };
		1086B0A52835953D00843F0C /* ContentView.swift in Sources */ = {isa = PBXBuildFile; fileRef = 1086B07C2835953C00843F0C /* ContentView.swift */; };
		1086B0A62835953D00843F0C /* ContentView.swift in Sources */ = {isa = PBXBuildFile; fileRef = 1086B07C2835953C00843F0C /* ContentView.swift */; };
		1086B0A72835953D00843F0C /* Assets.xcassets in Resources */ = {isa = PBXBuildFile; fileRef = 1086B07D2835953D00843F0C /* Assets.xcassets */; };
		1086B0A82835953D00843F0C /* Assets.xcassets in Resources */ = {isa = PBXBuildFile; fileRef = 1086B07D2835953D00843F0C /* Assets.xcassets */; };
/* End PBXBuildFile section */

/* Begin PBXContainerItemProxy section */
		1086B0902835953D00843F0C /* PBXContainerItemProxy */ = {
			isa = PBXContainerItemProxy;
			containerPortal = 1086B0762835953C00843F0C /* Project object */;
			proxyType = 1;
			remoteGlobalIDString = 1086B0812835953D00843F0C;
			remoteInfo = "BorsTestApp (iOS)";
		};
		1086B09C2835953D00843F0C /* PBXContainerItemProxy */ = {
			isa = PBXContainerItemProxy;
			containerPortal = 1086B0762835953C00843F0C /* Project object */;
			proxyType = 1;
			remoteGlobalIDString = 1086B0872835953D00843F0C;
			remoteInfo = "BorsTestApp (macOS)";
		};
/* End PBXContainerItemProxy section */

/* Begin PBXFileReference section */
		1086B07B2835953C00843F0C /* BorsTestAppApp.swift */ = {isa = PBXFileReference; lastKnownFileType = sourcecode.swift; path = BorsTestAppApp.swift; sourceTree = "<group>"; };
		1086B07C2835953C00843F0C /* ContentView.swift */ = {isa = PBXFileReference; lastKnownFileType = sourcecode.swift; path = ContentView.swift; sourceTree = "<group>"; };
		1086B07D2835953D00843F0C /* Assets.xcassets */ = {isa = PBXFileReference; lastKnownFileType = folder.assetcatalog; path = Assets.xcassets; sourceTree = "<group>"; };
		1086B0822835953D00843F0C /* BorsTestApp.app */ = {isa = PBXFileReference; explicitFileType = wrapper.application; includeInIndex = 0; path = BorsTestApp.app; sourceTree = BUILT_PRODUCTS_DIR; };
		1086B0882835953D00843F0C /* BorsTestApp.app */ = {isa = PBXFileReference; explicitFileType = wrapper.application; includeInIndex = 0; path = BorsTestApp.app; sourceTree = BUILT_PRODUCTS_DIR; };
		1086B08A2835953D00843F0C /* macOS.entitlements */ = {isa = PBXFileReference; lastKnownFileType = text.plist.entitlements; path = macOS.entitlements; sourceTree = "<group>"; };
		1086B08F2835953D00843F0C /* Tests iOS.xctest */ = {isa = PBXFileReference; explicitFileType = wrapper.cfbundle; includeInIndex = 0; path = "Tests iOS.xctest"; sourceTree = BUILT_PRODUCTS_DIR; };
		1086B0932835953D00843F0C /* Tests_iOS.swift */ = {isa = PBXFileReference; lastKnownFileType = sourcecode.swift; path = Tests_iOS.swift; sourceTree = "<group>"; };
		1086B0952835953D00843F0C /* Tests_iOSLaunchTests.swift */ = {isa = PBXFileReference; lastKnownFileType = sourcecode.swift; path = Tests_iOSLaunchTests.swift; sourceTree = "<group>"; };
		1086B09B2835953D00843F0C /* Tests macOS.xctest */ = {isa = PBXFileReference; explicitFileType = wrapper.cfbundle; includeInIndex = 0; path = "Tests macOS.xctest"; sourceTree = BUILT_PRODUCTS_DIR; };
		1086B09F2835953D00843F0C /* Tests_macOS.swift */ = {isa = PBXFileReference; lastKnownFileType = sourcecode.swift; path = Tests_macOS.swift; sourceTree = "<group>"; };
		1086B0A12835953D00843F0C /* Tests_macOSLaunchTests.swift */ = {isa = PBXFileReference; lastKnownFileType = sourcecode.swift; path = Tests_macOSLaunchTests.swift; sourceTree = "<group>"; };
/* End PBXFileReference section */

/* Begin PBXFrameworksBuildPhase section */
		1086B07F2835953D00843F0C /* Frameworks */ = {
			isa = PBXFrameworksBuildPhase;
			buildActionMask = 2147483647;
			files = (
			);
			runOnlyForDeploymentPostprocessing = 0;
		};
		1086B0852835953D00843F0C /* Frameworks */ = {
			isa = PBXFrameworksBuildPhase;
			buildActionMask = 2147483647;
			files = (
			);
			runOnlyForDeploymentPostprocessing = 0;
		};
		1086B08C2835953D00843F0C /* Frameworks */ = {
			isa = PBXFrameworksBuildPhase;
			buildActionMask = 2147483647;
			files = (
			);
			runOnlyForDeploymentPostprocessing = 0;
		};
		1086B0982835953D00843F0C /* Frameworks */ = {
			isa = PBXFrameworksBuildPhase;
			buildActionMask = 2147483647;
			files = (
			);
			runOnlyForDeploymentPostprocessing = 0;
		};
/* End PBXFrameworksBuildPhase section */

/* Begin PBXGroup section */
		1086B0752835953C00843F0C = {
			isa = PBXGroup;
			children = (
				1086B07A2835953C00843F0C /* Shared */,
				1086B0892835953D00843F0C /* macOS */,
				1086B0922835953D00843F0C /* Tests iOS */,
				1086B09E2835953D00843F0C /* Tests macOS */,
				1086B0832835953D00843F0C /* Products */,
			);
			sourceTree = "<group>";
		};
		1086B07A2835953C00843F0C /* Shared */ = {
			isa = PBXGroup;
			children = (
				1086B07B2835953C00843F0C /* BorsTestAppApp.swift */,
				1086B07C2835953C00843F0C /* ContentView.swift */,
				1086B07D2835953D00843F0C /* Assets.xcassets */,
			);
			path = Shared;
			sourceTree = "<group>";
		};
		1086B0832835953D00843F0C /* Products */ = {
			isa = PBXGroup;
			children = (
				1086B0822835953D00843F0C /* BorsTestApp.app */,
				1086B0882835953D00843F0C /* BorsTestApp.app */,
				1086B08F2835953D00843F0C /* Tests iOS.xctest */,
				1086B09B2835953D00843F0C /* Tests macOS.xctest */,
			);
			name = Products;
			sourceTree = "<group>";
		};
		1086B0892835953D00843F0C /* macOS */ = {
			isa = PBXGroup;
			children = (
				1086B08A2835953D00843F0C /* macOS.entitlements */,
			);
			path = macOS;
			sourceTree = "<group>";
		};
		1086B0922835953D00843F0C /* Tests iOS */ = {
			isa = PBXGroup;
			children = (
				1086B0932835953D00843F0C /* Tests_iOS.swift */,
				1086B0952835953D00843F0C /* Tests_iOSLaunchTests.swift */,
			);
			path = "Tests iOS";
			sourceTree = "<group>";
		};
		1086B09E2835953D00843F0C /* Tests macOS */ = {
			isa = PBXGroup;
			children = (
				1086B09F2835953D00843F0C /* Tests_macOS.swift */,
				1086B0A12835953D00843F0C /* Tests_macOSLaunchTests.swift */,
			);
			path = "Tests macOS";
			sourceTree = "<group>";
		};
/* End PBXGroup section */

/* Begin PBXNativeTarget section */
		1086B0812835953D00843F0C /* BorsTestApp (iOS) */ = {
			isa = PBXNativeTarget;
			buildConfigurationList = 1086B0AB2835953D00843F0C /* Build configuration list for PBXNativeTarget "BorsTestApp (iOS)" */;
			buildPhases = (
				1086B07E2835953D00843F0C /* Sources */,
				1086B07F2835953D00843F0C /* Frameworks */,
				1086B0802835953D00843F0C /* Resources */,
			);
			buildRules = (
			);
			dependencies = (
			);
			name = "BorsTestApp (iOS)";
			productName = "BorsTestApp (iOS)";
			productReference = 1086B0822835953D00843F0C /* BorsTestApp.app */;
			productType = "com.apple.product-type.application";
		};
		1086B0872835953D00843F0C /* BorsTestApp (macOS) */ = {
			isa = PBXNativeTarget;
			buildConfigurationList = 1086B0AE2835953D00843F0C /* Build configuration list for PBXNativeTarget "BorsTestApp (macOS)" */;
			buildPhases = (
				1086B0842835953D00843F0C /* Sources */,
				1086B0852835953D00843F0C /* Frameworks */,
				1086B0862835953D00843F0C /* Resources */,
			);
			buildRules = (
			);
			dependencies = (
			);
			name = "BorsTestApp (macOS)";
			productName = "BorsTestApp (macOS)";
			productReference = 1086B0882835953D00843F0C /* BorsTestApp.app */;
			productType = "com.apple.product-type.application";
		};
		1086B08E2835953D00843F0C /* Tests iOS */ = {
			isa = PBXNativeTarget;
			buildConfigurationList = 1086B0B12835953D00843F0C /* Build configuration list for PBXNativeTarget "Tests iOS" */;
			buildPhases = (
				1086B08B2835953D00843F0C /* Sources */,
				1086B08C2835953D00843F0C /* Frameworks */,
				1086B08D2835953D00843F0C /* Resources */,
			);
			buildRules = (
			);
			dependencies = (
				1086B0912835953D00843F0C /* PBXTargetDependency */,
			);
			name = "Tests iOS";
			productName = "Tests iOS";
			productReference = 1086B08F2835953D00843F0C /* Tests iOS.xctest */;
			productType = "com.apple.product-type.bundle.ui-testing";
		};
		1086B09A2835953D00843F0C /* Tests macOS */ = {
			isa = PBXNativeTarget;
			buildConfigurationList = 1086B0B42835953D00843F0C /* Build configuration list for PBXNativeTarget "Tests macOS" */;
			buildPhases = (
				1086B0972835953D00843F0C /* Sources */,
				1086B0982835953D00843F0C /* Frameworks */,
				1086B0992835953D00843F0C /* Resources */,
			);
			buildRules = (
			);
			dependencies = (
				1086B09D2835953D00843F0C /* PBXTargetDependency */,
			);
			name = "Tests macOS";
			productName = "Tests macOS";
			productReference = 1086B09B2835953D00843F0C /* Tests macOS.xctest */;
			productType = "com.apple.product-type.bundle.ui-testing";
		};
/* End PBXNativeTarget section */

/* Begin PBXProject section */
		1086B0762835953C00843F0C /* Project object */ = {
			isa = PBXProject;
			attributes = {
				BuildIndependentTargetsInParallel = 1;
				LastSwiftUpdateCheck = 1340;
				LastUpgradeCheck = 1340;
				TargetAttributes = {
					1086B0812835953D00843F0C = {
						CreatedOnToolsVersion = 13.4;
					};
					1086B0872835953D00843F0C = {
						CreatedOnToolsVersion = 13.4;
					};
					1086B08E2835953D00843F0C = {
						CreatedOnToolsVersion = 13.4;
						TestTargetID = 1086B0812835953D00843F0C;
					};
					1086B09A2835953D00843F0C = {
						CreatedOnToolsVersion = 13.4;
						TestTargetID = 1086B0872835953D00843F0C;
					};
				};
			};
			buildConfigurationList = 1086B0792835953C00843F0C /* Build configuration list for PBXProject "BorsTestApp" */;
			compatibilityVersion = "Xcode 13.0";
			developmentRegion = en;
			hasScannedForEncodings = 0;
			knownRegions = (
				en,
				Base,
			);
			mainGroup = 1086B0752835953C00843F0C;
			productRefGroup = 1086B0832835953D00843F0C /* Products */;
			projectDirPath = "";
			projectRoot = "";
			targets = (
				1086B0812835953D00843F0C /* BorsTestApp (iOS) */,
				1086B0872835953D00843F0C /* BorsTestApp (macOS) */,
				1086B08E2835953D00843F0C /* Tests iOS */,
				1086B09A2835953D00843F0C /* Tests macOS */,
			);
		};
/* End PBXProject section */

/* Begin PBXResourcesBuildPhase section */
		1086B0802835953D00843F0C /* Resources */ = {
			isa = PBXResourcesBuildPhase;
			buildActionMask = 2147483647;
			files = (
				1086B0A72835953D00843F0C /* Assets.xcassets in Resources */,
			);
			runOnlyForDeploymentPostprocessing = 0;
		};
		1086B0862835953D00843F0C /* Resources */ = {
			isa = PBXResourcesBuildPhase;
			buildActionMask = 2147483647;
			files = (
				1086B0A82835953D00843F0C /* Assets.xcassets in Resources */,
			);
			runOnlyForDeploymentPostprocessing = 0;
		};
		1086B08D2835953D00843F0C /* Resources */ = {
			isa = PBXResourcesBuildPhase;
			buildActionMask = 2147483647;
			files = (
			);
			runOnlyForDeploymentPostprocessing = 0;
		};
		1086B0992835953D00843F0C /* Resources */ = {
			isa = PBXResourcesBuildPhase;
			buildActionMask = 2147483647;
			files = (
			);
			runOnlyForDeploymentPostprocessing = 0;
		};
/* End PBXResourcesBuildPhase section */

/* Begin PBXSourcesBuildPhase section */
		1086B07E2835953D00843F0C /* Sources */ = {
			isa = PBXSourcesBuildPhase;
			buildActionMask = 2147483647;
			files = (
				1086B0A52835953D00843F0C /* ContentView.swift in Sources */,
				1086B0A32835953D00843F0C /* BorsTestAppApp.swift in Sources */,
			);
			runOnlyForDeploymentPostprocessing = 0;
		};
		1086B0842835953D00843F0C /* Sources */ = {
			isa = PBXSourcesBuildPhase;
			buildActionMask = 2147483647;
			files = (
				1086B0A62835953D00843F0C /* ContentView.swift in Sources */,
				1086B0A42835953D00843F0C /* BorsTestAppApp.swift in Sources */,
			);
			runOnlyForDeploymentPostprocessing = 0;
		};
		1086B08B2835953D00843F0C /* Sources */ = {
			isa = PBXSourcesBuildPhase;
			buildActionMask = 2147483647;
			files = (
				1086B0962835953D00843F0C /* Tests_iOSLaunchTests.swift in Sources */,
				1086B0942835953D00843F0C /* Tests_iOS.swift in Sources */,
			);
			runOnlyForDeploymentPostprocessing = 0;
		};
		1086B0972835953D00843F0C /* Sources */ = {
			isa = PBXSourcesBuildPhase;
			buildActionMask = 2147483647;
			files = (
				1086B0A22835953D00843F0C /* Tests_macOSLaunchTests.swift in Sources */,
				1086B0A02835953D00843F0C /* Tests_macOS.swift in Sources */,
			);
			runOnlyForDeploymentPostprocessing = 0;
		};
/* End PBXSourcesBuildPhase section */

/* Begin PBXTargetDependency section */
		1086B0912835953D00843F0C /* PBXTargetDependency */ = {
			isa = PBXTargetDependency;
			target = 1086B0812835953D00843F0C /* BorsTestApp (iOS) */;
			targetProxy = 1086B0902835953D00843F0C /* PBXContainerItemProxy */;
		};
		1086B09D2835953D00843F0C /* PBXTargetDependency */ = {
			isa = PBXTargetDependency;
			target = 1086B0872835953D00843F0C /* BorsTestApp (macOS) */;
			targetProxy = 1086B09C2835953D00843F0C /* PBXContainerItemProxy */;
		};
/* End PBXTargetDependency section */

/* Begin XCBuildConfiguration section */
		1086B0A92835953D00843F0C /* Debug */ = {
			isa = XCBuildConfiguration;
			buildSettings = {
				ALWAYS_SEARCH_USER_PATHS = NO;
				CLANG_ANALYZER_NONNULL = YES;
				CLANG_ANALYZER_NUMBER_OBJECT_CONVERSION = YES_AGGRESSIVE;
				CLANG_CXX_LANGUAGE_STANDARD = "gnu++17";
				CLANG_ENABLE_MODULES = YES;
				CLANG_ENABLE_OBJC_ARC = YES;
				CLANG_ENABLE_OBJC_WEAK = YES;
				CLANG_WARN_BLOCK_CAPTURE_AUTORELEASING = YES;
				CLANG_WARN_BOOL_CONVERSION = YES;
				CLANG_WARN_COMMA = YES;
				CLANG_WARN_CONSTANT_CONVERSION = YES;
				CLANG_WARN_DEPRECATED_OBJC_IMPLEMENTATIONS = YES;
				CLANG_WARN_DIRECT_OBJC_ISA_USAGE = YES_ERROR;
				CLANG_WARN_DOCUMENTATION_COMMENTS = YES;
				CLANG_WARN_EMPTY_BODY = YES;
				CLANG_WARN_ENUM_CONVERSION = YES;
				CLANG_WARN_INFINITE_RECURSION = YES;
				CLANG_WARN_INT_CONVERSION = YES;
				CLANG_WARN_NON_LITERAL_NULL_CONVERSION = YES;
				CLANG_WARN_OBJC_IMPLICIT_RETAIN_SELF = YES;
				CLANG_WARN_OBJC_LITERAL_CONVERSION = YES;
				CLANG_WARN_OBJC_ROOT_CLASS = YES_ERROR;
				CLANG_WARN_QUOTED_INCLUDE_IN_FRAMEWORK_HEADER = YES;
				CLANG_WARN_RANGE_LOOP_ANALYSIS = YES;
				CLANG_WARN_STRICT_PROTOTYPES = YES;
				CLANG_WARN_SUSPICIOUS_MOVE = YES;
				CLANG_WARN_UNGUARDED_AVAILABILITY = YES_AGGRESSIVE;
				CLANG_WARN_UNREACHABLE_CODE = YES;
				CLANG_WARN__DUPLICATE_METHOD_MATCH = YES;
				COPY_PHASE_STRIP = NO;
				DEBUG_INFORMATION_FORMAT = dwarf;
				ENABLE_STRICT_OBJC_MSGSEND = YES;
				ENABLE_TESTABILITY = YES;
				GCC_C_LANGUAGE_STANDARD = gnu11;
				GCC_DYNAMIC_NO_PIC = NO;
				GCC_NO_COMMON_BLOCKS = YES;
				GCC_OPTIMIZATION_LEVEL = 0;
				GCC_PREPROCESSOR_DEFINITIONS = (
					"DEBUG=1",
					"$(inherited)",
				);
				GCC_WARN_64_TO_32_BIT_CONVERSION = YES;
				GCC_WARN_ABOUT_RETURN_TYPE = YES_ERROR;
				GCC_WARN_UNDECLARED_SELECTOR = YES;
				GCC_WARN_UNINITIALIZED_AUTOS = YES_AGGRESSIVE;
				GCC_WARN_UNUSED_FUNCTION = YES;
				GCC_WARN_UNUSED_VARIABLE = YES;
				MTL_ENABLE_DEBUG_INFO = INCLUDE_SOURCE;
				MTL_FAST_MATH = YES;
				ONLY_ACTIVE_ARCH = YES;
				SWIFT_ACTIVE_COMPILATION_CONDITIONS = DEBUG;
				SWIFT_OPTIMIZATION_LEVEL = "-Onone";
			};
			name = Debug;
		};
		1086B0AA2835953D00843F0C /* Release */ = {
			isa = XCBuildConfiguration;
			buildSettings = {
				ALWAYS_SEARCH_USER_PATHS = NO;
				CLANG_ANALYZER_NONNULL = YES;
				CLANG_ANALYZER_NUMBER_OBJECT_CONVERSION = YES_AGGRESSIVE;
				CLANG_CXX_LANGUAGE_STANDARD = "gnu++17";
				CLANG_ENABLE_MODULES = YES;
				CLANG_ENABLE_OBJC_ARC = YES;
				CLANG_ENABLE_OBJC_WEAK = YES;
				CLANG_WARN_BLOCK_CAPTURE_AUTORELEASING = YES;
				CLANG_WARN_BOOL_CONVERSION = YES;
				CLANG_WARN_COMMA = YES;
				CLANG_WARN_CONSTANT_CONVERSION = YES;
				CLANG_WARN_DEPRECATED_OBJC_IMPLEMENTATIONS = YES;
				CLANG_WARN_DIRECT_OBJC_ISA_USAGE = YES_ERROR;
				CLANG_WARN_DOCUMENTATION_COMMENTS = YES;
				CLANG_WARN_EMPTY_BODY = YES;
				CLANG_WARN_ENUM_CONVERSION = YES;
				CLANG_WARN_INFINITE_RECURSION = YES;
				CLANG_WARN_INT_CONVERSION = YES;
				CLANG_WARN_NON_LITERAL_NULL_CONVERSION = YES;
				CLANG_WARN_OBJC_IMPLICIT_RETAIN_SELF = YES;
				CLANG_WARN_OBJC_LITERAL_CONVERSION = YES;
				CLANG_WARN_OBJC_ROOT_CLASS = YES_ERROR;
				CLANG_WARN_QUOTED_INCLUDE_IN_FRAMEWORK_HEADER = YES;
				CLANG_WARN_RANGE_LOOP_ANALYSIS = YES;
				CLANG_WARN_STRICT_PROTOTYPES = YES;
				CLANG_WARN_SUSPICIOUS_MOVE = YES;
				CLANG_WARN_UNGUARDED_AVAILABILITY = YES_AGGRESSIVE;
				CLANG_WARN_UNREACHABLE_CODE = YES;
				CLANG_WARN__DUPLICATE_METHOD_MATCH = YES;
				COPY_PHASE_STRIP = NO;
				DEBUG_INFORMATION_FORMAT = "dwarf-with-dsym";
				ENABLE_NS_ASSERTIONS = NO;
				ENABLE_STRICT_OBJC_MSGSEND = YES;
				GCC_C_LANGUAGE_STANDARD = gnu11;
				GCC_NO_COMMON_BLOCKS = YES;
				GCC_WARN_64_TO_32_BIT_CONVERSION = YES;
				GCC_WARN_ABOUT_RETURN_TYPE = YES_ERROR;
				GCC_WARN_UNDECLARED_SELECTOR = YES;
				GCC_WARN_UNINITIALIZED_AUTOS = YES_AGGRESSIVE;
				GCC_WARN_UNUSED_FUNCTION = YES;
				GCC_WARN_UNUSED_VARIABLE = YES;
				MTL_ENABLE_DEBUG_INFO = NO;
				MTL_FAST_MATH = YES;
				SWIFT_COMPILATION_MODE = wholemodule;
				SWIFT_OPTIMIZATION_LEVEL = "-O";
			};
			name = Release;
		};
		1086B0AC2835953D00843F0C /* Debug */ = {
			isa = XCBuildConfiguration;
			buildSettings = {
				ASSETCATALOG_COMPILER_APPICON_NAME = AppIcon;
				ASSETCATALOG_COMPILER_GLOBAL_ACCENT_COLOR_NAME = AccentColor;
				CODE_SIGN_STYLE = Automatic;
				CURRENT_PROJECT_VERSION = 1;
				DEVELOPMENT_TEAM = H5FS5FQ4JK;
				ENABLE_PREVIEWS = YES;
				GENERATE_INFOPLIST_FILE = YES;
				INFOPLIST_KEY_UIApplicationSceneManifest_Generation = YES;
				INFOPLIST_KEY_UIApplicationSupportsIndirectInputEvents = YES;
				INFOPLIST_KEY_UILaunchScreen_Generation = YES;
				INFOPLIST_KEY_UISupportedInterfaceOrientations_iPad = "UIInterfaceOrientationPortrait UIInterfaceOrientationPortraitUpsideDown UIInterfaceOrientationLandscapeLeft UIInterfaceOrientationLandscapeRight";
				INFOPLIST_KEY_UISupportedInterfaceOrientations_iPhone = "UIInterfaceOrientationPortrait UIInterfaceOrientationLandscapeLeft UIInterfaceOrientationLandscapeRight";
				IPHONEOS_DEPLOYMENT_TARGET = 15.5;
				LD_RUNPATH_SEARCH_PATHS = (
					"$(inherited)",
					"@executable_path/Frameworks",
				);
				MARKETING_VERSION = 1.0;
				PRODUCT_BUNDLE_IDENTIFIER = com.garrefa.BorsTestApp;
				PRODUCT_NAME = BorsTestApp;
				SDKROOT = iphoneos;
				SWIFT_EMIT_LOC_STRINGS = YES;
				SWIFT_VERSION = 5.0;
				TARGETED_DEVICE_FAMILY = "1,2";
			};
			name = Debug;
		};
		1086B0AD2835953D00843F0C /* Release */ = {
			isa = XCBuildConfiguration;
			buildSettings = {
				ASSETCATALOG_COMPILER_APPICON_NAME = AppIcon;
				ASSETCATALOG_COMPILER_GLOBAL_ACCENT_COLOR_NAME = AccentColor;
				CODE_SIGN_STYLE = Automatic;
				CURRENT_PROJECT_VERSION = 1;
				DEVELOPMENT_TEAM = H5FS5FQ4JK;
				ENABLE_PREVIEWS = YES;
				GENERATE_INFOPLIST_FILE = YES;
				INFOPLIST_KEY_UIApplicationSceneManifest_Generation = YES;
				INFOPLIST_KEY_UIApplicationSupportsIndirectInputEvents = YES;
				INFOPLIST_KEY_UILaunchScreen_Generation = YES;
				INFOPLIST_KEY_UISupportedInterfaceOrientations_iPad = "UIInterfaceOrientationPortrait UIInterfaceOrientationPortraitUpsideDown UIInterfaceOrientationLandscapeLeft UIInterfaceOrientationLandscapeRight";
				INFOPLIST_KEY_UISupportedInterfaceOrientations_iPhone = "UIInterfaceOrientationPortrait UIInterfaceOrientationLandscapeLeft UIInterfaceOrientationLandscapeRight";
				IPHONEOS_DEPLOYMENT_TARGET = 15.5;
				LD_RUNPATH_SEARCH_PATHS = (
					"$(inherited)",
					"@executable_path/Frameworks",
				);
				MARKETING_VERSION = 1.0;
				PRODUCT_BUNDLE_IDENTIFIER = com.garrefa.BorsTestApp;
				PRODUCT_NAME = BorsTestApp;
				SDKROOT = iphoneos;
				SWIFT_EMIT_LOC_STRINGS = YES;
				SWIFT_VERSION = 5.0;
				TARGETED_DEVICE_FAMILY = "1,2";
				VALIDATE_PRODUCT = YES;
			};
			name = Release;
		};
		1086B0AF2835953D00843F0C /* Debug */ = {
			isa = XCBuildConfiguration;
			buildSettings = {
				ASSETCATALOG_COMPILER_APPICON_NAME = AppIcon;
				ASSETCATALOG_COMPILER_GLOBAL_ACCENT_COLOR_NAME = AccentColor;
				CODE_SIGN_ENTITLEMENTS = macOS/macOS.entitlements;
				CODE_SIGN_STYLE = Automatic;
				COMBINE_HIDPI_IMAGES = YES;
				CURRENT_PROJECT_VERSION = 1;
				DEVELOPMENT_TEAM = H5FS5FQ4JK;
				ENABLE_HARDENED_RUNTIME = YES;
				ENABLE_PREVIEWS = YES;
				GENERATE_INFOPLIST_FILE = YES;
				INFOPLIST_KEY_NSHumanReadableCopyright = "";
				LD_RUNPATH_SEARCH_PATHS = (
					"$(inherited)",
					"@executable_path/../Frameworks",
				);
				MACOSX_DEPLOYMENT_TARGET = 12.3;
				MARKETING_VERSION = 1.0;
				PRODUCT_BUNDLE_IDENTIFIER = com.garrefa.BorsTestApp;
				PRODUCT_NAME = BorsTestApp;
				SDKROOT = macosx;
				SWIFT_EMIT_LOC_STRINGS = YES;
				SWIFT_VERSION = 5.0;
			};
			name = Debug;
		};
		1086B0B02835953D00843F0C /* Release */ = {
			isa = XCBuildConfiguration;
			buildSettings = {
				ASSETCATALOG_COMPILER_APPICON_NAME = AppIcon;
				ASSETCATALOG_COMPILER_GLOBAL_ACCENT_COLOR_NAME = AccentColor;
				CODE_SIGN_ENTITLEMENTS = macOS/macOS.entitlements;
				CODE_SIGN_STYLE = Automatic;
				COMBINE_HIDPI_IMAGES = YES;
				CURRENT_PROJECT_VERSION = 1;
				DEVELOPMENT_TEAM = H5FS5FQ4JK;
				ENABLE_HARDENED_RUNTIME = YES;
				ENABLE_PREVIEWS = YES;
				GENERATE_INFOPLIST_FILE = YES;
				INFOPLIST_KEY_NSHumanReadableCopyright = "";
				LD_RUNPATH_SEARCH_PATHS = (
					"$(inherited)",
					"@executable_path/../Frameworks",
				);
				MACOSX_DEPLOYMENT_TARGET = 12.3;
				MARKETING_VERSION = 1.0;
				PRODUCT_BUNDLE_IDENTIFIER = com.garrefa.BorsTestApp;
				PRODUCT_NAME = BorsTestApp;
				SDKROOT = macosx;
				SWIFT_EMIT_LOC_STRINGS = YES;
				SWIFT_VERSION = 5.0;
			};
			name = Release;
		};
		1086B0B22835953D00843F0C /* Debug */ = {
			isa = XCBuildConfiguration;
			buildSettings = {
				ALWAYS_EMBED_SWIFT_STANDARD_LIBRARIES = YES;
				CODE_SIGN_STYLE = Automatic;
				CURRENT_PROJECT_VERSION = 1;
				DEVELOPMENT_TEAM = H5FS5FQ4JK;
				GENERATE_INFOPLIST_FILE = YES;
				IPHONEOS_DEPLOYMENT_TARGET = 15.5;
				MARKETING_VERSION = 1.0;
				PRODUCT_BUNDLE_IDENTIFIER = "com.garrefa.Tests-iOS";
				PRODUCT_NAME = "$(TARGET_NAME)";
				SDKROOT = iphoneos;
				SWIFT_EMIT_LOC_STRINGS = NO;
				SWIFT_VERSION = 5.0;
				TARGETED_DEVICE_FAMILY = "1,2";
				TEST_TARGET_NAME = "BorsTestApp (iOS)";
			};
			name = Debug;
		};
		1086B0B32835953D00843F0C /* Release */ = {
			isa = XCBuildConfiguration;
			buildSettings = {
				ALWAYS_EMBED_SWIFT_STANDARD_LIBRARIES = YES;
				CODE_SIGN_STYLE = Automatic;
				CURRENT_PROJECT_VERSION = 1;
				DEVELOPMENT_TEAM = H5FS5FQ4JK;
				GENERATE_INFOPLIST_FILE = YES;
				IPHONEOS_DEPLOYMENT_TARGET = 15.5;
				MARKETING_VERSION = 1.0;
				PRODUCT_BUNDLE_IDENTIFIER = "com.garrefa.Tests-iOS";
				PRODUCT_NAME = "$(TARGET_NAME)";
				SDKROOT = iphoneos;
				SWIFT_EMIT_LOC_STRINGS = NO;
				SWIFT_VERSION = 5.0;
				TARGETED_DEVICE_FAMILY = "1,2";
				TEST_TARGET_NAME = "BorsTestApp (iOS)";
				VALIDATE_PRODUCT = YES;
			};
			name = Release;
		};
		1086B0B52835953D00843F0C /* Debug */ = {
			isa = XCBuildConfiguration;
			buildSettings = {
				ALWAYS_EMBED_SWIFT_STANDARD_LIBRARIES = YES;
				CODE_SIGN_STYLE = Automatic;
				CURRENT_PROJECT_VERSION = 1;
				DEVELOPMENT_TEAM = H5FS5FQ4JK;
				GENERATE_INFOPLIST_FILE = YES;
				MACOSX_DEPLOYMENT_TARGET = 12.3;
				MARKETING_VERSION = 1.0;
				PRODUCT_BUNDLE_IDENTIFIER = "com.garrefa.Tests-macOS";
				PRODUCT_NAME = "$(TARGET_NAME)";
				SDKROOT = macosx;
				SWIFT_EMIT_LOC_STRINGS = NO;
				SWIFT_VERSION = 5.0;
				TEST_TARGET_NAME = "BorsTestApp (macOS)";
			};
			name = Debug;
		};
		1086B0B62835953D00843F0C /* Release */ = {
			isa = XCBuildConfiguration;
			buildSettings = {
				ALWAYS_EMBED_SWIFT_STANDARD_LIBRARIES = YES;
				CODE_SIGN_STYLE = Automatic;
				CURRENT_PROJECT_VERSION = 1;
				DEVELOPMENT_TEAM = H5FS5FQ4JK;
				GENERATE_INFOPLIST_FILE = YES;
				MACOSX_DEPLOYMENT_TARGET = 12.3;
				MARKETING_VERSION = 1.0;
				PRODUCT_BUNDLE_IDENTIFIER = "com.garrefa.Tests-macOS";
				PRODUCT_NAME = "$(TARGET_NAME)";
				SDKROOT = macosx;
				SWIFT_EMIT_LOC_STRINGS = NO;
				SWIFT_VERSION = 5.0;
				TEST_TARGET_NAME = "BorsTestApp (macOS)";
			};
			name = Release;
		};
/* End XCBuildConfiguration section */

/* Begin XCConfigurationList section */
		1086B0792835953C00843F0C /* Build configuration list for PBXProject "BorsTestApp" */ = {
			isa = XCConfigurationList;
			buildConfigurations = (
				1086B0A92835953D00843F0C /* Debug */,
				1086B0AA2835953D00843F0C /* Release */,
			);
			defaultConfigurationIsVisible = 0;
			defaultConfigurationName = Release;
		};
		1086B0AB2835953D00843F0C /* Build configuration list for PBXNativeTarget "BorsTestApp (iOS)" */ = {
			isa = XCConfigurationList;
			buildConfigurations = (
				1086B0AC2835953D00843F0C /* Debug */,
				1086B0AD2835953D00843F0C /* Release */,
			);
			defaultConfigurationIsVisible = 0;
			defaultConfigurationName = Release;
		};
		1086B0AE2835953D00843F0C /* Build configuration list for PBXNativeTarget "BorsTestApp (macOS)" */ = {
			isa = XCConfigurationList;
			buildConfigurations = (
				1086B0AF2835953D00843F0C /* Debug */,
				1086B0B02835953D00843F0C /* Release */,
			);
			defaultConfigurationIsVisible = 0;
			defaultConfigurationName = Release;
		};
		1086B0B12835953D00843F0C /* Build configuration list for PBXNativeTarget "Tests iOS" */ = {
			isa = XCConfigurationList;
			buildConfigurations = (
				1086B0B22835953D00843F0C /* Debug */,
				1086B0B32835953D00843F0C /* Release */,
			);
			defaultConfigurationIsVisible = 0;
			defaultConfigurationName = Release;
		};
		1086B0B42835953D00843F0C /* Build configuration list for PBXNativeTarget "Tests macOS" */ = {
			isa = XCConfigurationList;
			buildConfigurations = (
				1086B0B52835953D00843F0C /* Debug */,
				1086B0B62835953D00843F0C /* Release */,
			);
			defaultConfigurationIsVisible = 0;
			defaultConfigurationName = Release;
		};
/* End XCConfigurationList section */
	};
	rootObject = 1086B0762835953C00843F0C /* Project object */;
}
